// !$*UTF8*$!
{
	archiveVersion = 1;
	classes = {
	};
	objectVersion = 51;
	objects = {

/* Begin PBXBuildFile section */
		0371BEFE383DCE74C6D7D842 /* Pods_MovieFlixTests.framework in Frameworks */ = {isa = PBXBuildFile; fileRef = 404C78C02ED4E059140C7076 /* Pods_MovieFlixTests.framework */; };
		3A975B95B31556BC6F9AF32F /* Pods_MovieFlix.framework in Frameworks */ = {isa = PBXBuildFile; fileRef = 063B27E3100CC7C42C721B86 /* Pods_MovieFlix.framework */; };
		58FABDFA2470E7260009973D /* AppDelegate.swift in Sources */ = {isa = PBXBuildFile; fileRef = 58FABDF92470E7260009973D /* AppDelegate.swift */; };
		58FABDFC2470E7260009973D /* SceneDelegate.swift in Sources */ = {isa = PBXBuildFile; fileRef = 58FABDFB2470E7260009973D /* SceneDelegate.swift */; };
		58FABE012470E7260009973D /* Main.storyboard in Resources */ = {isa = PBXBuildFile; fileRef = 58FABDFF2470E7260009973D /* Main.storyboard */; };
		58FABE032470E7280009973D /* Assets.xcassets in Resources */ = {isa = PBXBuildFile; fileRef = 58FABE022470E7280009973D /* Assets.xcassets */; };
		58FABE062470E7280009973D /* LaunchScreen.storyboard in Resources */ = {isa = PBXBuildFile; fileRef = 58FABE042470E7280009973D /* LaunchScreen.storyboard */; };
		58FABE112470E7280009973D /* MovieFlixTests.swift in Sources */ = {isa = PBXBuildFile; fileRef = 58FABE102470E7280009973D /* MovieFlixTests.swift */; };
		58FABE222470EA790009973D /* NowPlayingViewController.swift in Sources */ = {isa = PBXBuildFile; fileRef = 58FABE212470EA790009973D /* NowPlayingViewController.swift */; };
		58FABE242470EAAB0009973D /* TopRatedViewController.swift in Sources */ = {isa = PBXBuildFile; fileRef = 58FABE232470EAAB0009973D /* TopRatedViewController.swift */; };
		58FABE262470EE5D0009973D /* Bindable.swift in Sources */ = {isa = PBXBuildFile; fileRef = 58FABE252470EE5D0009973D /* Bindable.swift */; };
		58FABE282470EEF00009973D /* Result.swift in Sources */ = {isa = PBXBuildFile; fileRef = 58FABE272470EEF00009973D /* Result.swift */; };
		58FABE2A2470EF490009973D /* MovieModel.swift in Sources */ = {isa = PBXBuildFile; fileRef = 58FABE292470EF490009973D /* MovieModel.swift */; };
		58FABE2C2470F1A20009973D /* AppServerClient.swift in Sources */ = {isa = PBXBuildFile; fileRef = 58FABE2B2470F1A20009973D /* AppServerClient.swift */; };
		58FABE2E2470F3490009973D /* MovieCellViewModel.swift in Sources */ = {isa = PBXBuildFile; fileRef = 58FABE2D2470F3490009973D /* MovieCellViewModel.swift */; };
		58FABE302470F4750009973D /* MovieViewModel.swift in Sources */ = {isa = PBXBuildFile; fileRef = 58FABE2F2470F4750009973D /* MovieViewModel.swift */; };
/* End PBXBuildFile section */

/* Begin PBXContainerItemProxy section */
		58FABE0D2470E7280009973D /* PBXContainerItemProxy */ = {
			isa = PBXContainerItemProxy;
			containerPortal = 58FABDEE2470E7260009973D /* Project object */;
			proxyType = 1;
			remoteGlobalIDString = 58FABDF52470E7260009973D;
			remoteInfo = MovieFlix;
		};
/* End PBXContainerItemProxy section */

/* Begin PBXFileReference section */
		063B27E3100CC7C42C721B86 /* Pods_MovieFlix.framework */ = {isa = PBXFileReference; explicitFileType = wrapper.framework; includeInIndex = 0; path = Pods_MovieFlix.framework; sourceTree = BUILT_PRODUCTS_DIR; };
		404C78C02ED4E059140C7076 /* Pods_MovieFlixTests.framework */ = {isa = PBXFileReference; explicitFileType = wrapper.framework; includeInIndex = 0; path = Pods_MovieFlixTests.framework; sourceTree = BUILT_PRODUCTS_DIR; };
		531BBCE2631AE21A85125D19 /* Pods-MovieFlixTests.release.xcconfig */ = {isa = PBXFileReference; includeInIndex = 1; lastKnownFileType = text.xcconfig; name = "Pods-MovieFlixTests.release.xcconfig"; path = "Target Support Files/Pods-MovieFlixTests/Pods-MovieFlixTests.release.xcconfig"; sourceTree = "<group>"; };
		5569D447FD0BC10971639001 /* Pods-MovieFlix.release.xcconfig */ = {isa = PBXFileReference; includeInIndex = 1; lastKnownFileType = text.xcconfig; name = "Pods-MovieFlix.release.xcconfig"; path = "Target Support Files/Pods-MovieFlix/Pods-MovieFlix.release.xcconfig"; sourceTree = "<group>"; };
		58FABDF62470E7260009973D /* MovieFlix.app */ = {isa = PBXFileReference; explicitFileType = wrapper.application; includeInIndex = 0; path = MovieFlix.app; sourceTree = BUILT_PRODUCTS_DIR; };
		58FABDF92470E7260009973D /* AppDelegate.swift */ = {isa = PBXFileReference; lastKnownFileType = sourcecode.swift; path = AppDelegate.swift; sourceTree = "<group>"; };
		58FABDFB2470E7260009973D /* SceneDelegate.swift */ = {isa = PBXFileReference; lastKnownFileType = sourcecode.swift; path = SceneDelegate.swift; sourceTree = "<group>"; };
		58FABE002470E7260009973D /* Base */ = {isa = PBXFileReference; lastKnownFileType = file.storyboard; name = Base; path = Base.lproj/Main.storyboard; sourceTree = "<group>"; };
		58FABE022470E7280009973D /* Assets.xcassets */ = {isa = PBXFileReference; lastKnownFileType = folder.assetcatalog; path = Assets.xcassets; sourceTree = "<group>"; };
		58FABE052470E7280009973D /* Base */ = {isa = PBXFileReference; lastKnownFileType = file.storyboard; name = Base; path = Base.lproj/LaunchScreen.storyboard; sourceTree = "<group>"; };
		58FABE072470E7280009973D /* Info.plist */ = {isa = PBXFileReference; lastKnownFileType = text.plist.xml; path = Info.plist; sourceTree = "<group>"; };
		58FABE0C2470E7280009973D /* MovieFlixTests.xctest */ = {isa = PBXFileReference; explicitFileType = wrapper.cfbundle; includeInIndex = 0; path = MovieFlixTests.xctest; sourceTree = BUILT_PRODUCTS_DIR; };
		58FABE102470E7280009973D /* MovieFlixTests.swift */ = {isa = PBXFileReference; lastKnownFileType = sourcecode.swift; path = MovieFlixTests.swift; sourceTree = "<group>"; };
		58FABE122470E7280009973D /* Info.plist */ = {isa = PBXFileReference; lastKnownFileType = text.plist.xml; path = Info.plist; sourceTree = "<group>"; };
		58FABE212470EA790009973D /* NowPlayingViewController.swift */ = {isa = PBXFileReference; lastKnownFileType = sourcecode.swift; path = NowPlayingViewController.swift; sourceTree = "<group>"; };
		58FABE232470EAAB0009973D /* TopRatedViewController.swift */ = {isa = PBXFileReference; lastKnownFileType = sourcecode.swift; path = TopRatedViewController.swift; sourceTree = "<group>"; };
		58FABE252470EE5D0009973D /* Bindable.swift */ = {isa = PBXFileReference; lastKnownFileType = sourcecode.swift; path = Bindable.swift; sourceTree = "<group>"; };
		58FABE272470EEF00009973D /* Result.swift */ = {isa = PBXFileReference; lastKnownFileType = sourcecode.swift; path = Result.swift; sourceTree = "<group>"; };
		58FABE292470EF490009973D /* MovieModel.swift */ = {isa = PBXFileReference; lastKnownFileType = sourcecode.swift; path = MovieModel.swift; sourceTree = "<group>"; };
		58FABE2B2470F1A20009973D /* AppServerClient.swift */ = {isa = PBXFileReference; lastKnownFileType = sourcecode.swift; path = AppServerClient.swift; sourceTree = "<group>"; };
		58FABE2D2470F3490009973D /* MovieCellViewModel.swift */ = {isa = PBXFileReference; lastKnownFileType = sourcecode.swift; path = MovieCellViewModel.swift; sourceTree = "<group>"; };
		58FABE2F2470F4750009973D /* MovieViewModel.swift */ = {isa = PBXFileReference; lastKnownFileType = sourcecode.swift; path = MovieViewModel.swift; sourceTree = "<group>"; };
		8190FD27C4F404E0C6212E2E /* Pods-MovieFlix.debug.xcconfig */ = {isa = PBXFileReference; includeInIndex = 1; lastKnownFileType = text.xcconfig; name = "Pods-MovieFlix.debug.xcconfig"; path = "Target Support Files/Pods-MovieFlix/Pods-MovieFlix.debug.xcconfig"; sourceTree = "<group>"; };
		AF339661FF1C63216DEABBD6 /* Pods-MovieFlixTests.debug.xcconfig */ = {isa = PBXFileReference; includeInIndex = 1; lastKnownFileType = text.xcconfig; name = "Pods-MovieFlixTests.debug.xcconfig"; path = "Target Support Files/Pods-MovieFlixTests/Pods-MovieFlixTests.debug.xcconfig"; sourceTree = "<group>"; };
/* End PBXFileReference section */

/* Begin PBXFrameworksBuildPhase section */
		58FABDF32470E7260009973D /* Frameworks */ = {
			isa = PBXFrameworksBuildPhase;
			buildActionMask = 2147483647;
			files = (
				3A975B95B31556BC6F9AF32F /* Pods_MovieFlix.framework in Frameworks */,
			);
			runOnlyForDeploymentPostprocessing = 0;
		};
		58FABE092470E7280009973D /* Frameworks */ = {
			isa = PBXFrameworksBuildPhase;
			buildActionMask = 2147483647;
			files = (
				0371BEFE383DCE74C6D7D842 /* Pods_MovieFlixTests.framework in Frameworks */,
			);
			runOnlyForDeploymentPostprocessing = 0;
		};
/* End PBXFrameworksBuildPhase section */

/* Begin PBXGroup section */
		58FABDED2470E7250009973D = {
			isa = PBXGroup;
			children = (
				58FABDF82470E7260009973D /* MovieFlix */,
				58FABE0F2470E7280009973D /* MovieFlixTests */,
				58FABDF72470E7260009973D /* Products */,
				A570357AB12E36B4620C56AF /* Pods */,
				A88516AA100A39458DE75359 /* Frameworks */,
			);
			sourceTree = "<group>";
		};
		58FABDF72470E7260009973D /* Products */ = {
			isa = PBXGroup;
			children = (
				58FABDF62470E7260009973D /* MovieFlix.app */,
				58FABE0C2470E7280009973D /* MovieFlixTests.xctest */,
			);
			name = Products;
			sourceTree = "<group>";
		};
		58FABDF82470E7260009973D /* MovieFlix */ = {
			isa = PBXGroup;
			children = (
				58FABE202470EA210009973D /* Services */,
				58FABE1F2470EA190009973D /* Helper */,
				58FABE1E2470EA100009973D /* Controller */,
				58FABE1D2470EA080009973D /* View */,
				58FABE1C2470E9FC0009973D /* ViewModel */,
				58FABE1B2470E9EF0009973D /* Model */,
				58FABDF92470E7260009973D /* AppDelegate.swift */,
				58FABDFB2470E7260009973D /* SceneDelegate.swift */,
				58FABDFF2470E7260009973D /* Main.storyboard */,
				58FABE022470E7280009973D /* Assets.xcassets */,
				58FABE042470E7280009973D /* LaunchScreen.storyboard */,
				58FABE072470E7280009973D /* Info.plist */,
			);
			path = MovieFlix;
			sourceTree = "<group>";
		};
		58FABE0F2470E7280009973D /* MovieFlixTests */ = {
			isa = PBXGroup;
			children = (
				58FABE102470E7280009973D /* MovieFlixTests.swift */,
				58FABE122470E7280009973D /* Info.plist */,
			);
			path = MovieFlixTests;
			sourceTree = "<group>";
		};
		58FABE1B2470E9EF0009973D /* Model */ = {
			isa = PBXGroup;
			children = (
				58FABE292470EF490009973D /* MovieModel.swift */,
			);
			path = Model;
			sourceTree = "<group>";
		};
		58FABE1C2470E9FC0009973D /* ViewModel */ = {
			isa = PBXGroup;
			children = (
				58FABE2D2470F3490009973D /* MovieCellViewModel.swift */,
				58FABE2F2470F4750009973D /* MovieViewModel.swift */,
			);
			path = ViewModel;
			sourceTree = "<group>";
		};
		58FABE1D2470EA080009973D /* View */ = {
			isa = PBXGroup;
			children = (
			);
			path = View;
			sourceTree = "<group>";
		};
		58FABE1E2470EA100009973D /* Controller */ = {
			isa = PBXGroup;
			children = (
				58FABE212470EA790009973D /* NowPlayingViewController.swift */,
				58FABE232470EAAB0009973D /* TopRatedViewController.swift */,
			);
			path = Controller;
			sourceTree = "<group>";
		};
		58FABE1F2470EA190009973D /* Helper */ = {
			isa = PBXGroup;
			children = (
				58FABE252470EE5D0009973D /* Bindable.swift */,
				58FABE272470EEF00009973D /* Result.swift */,
			);
			path = Helper;
			sourceTree = "<group>";
		};
		58FABE202470EA210009973D /* Services */ = {
			isa = PBXGroup;
			children = (
				58FABE2B2470F1A20009973D /* AppServerClient.swift */,
			);
			path = Services;
			sourceTree = "<group>";
		};
		A570357AB12E36B4620C56AF /* Pods */ = {
			isa = PBXGroup;
			children = (
				8190FD27C4F404E0C6212E2E /* Pods-MovieFlix.debug.xcconfig */,
				5569D447FD0BC10971639001 /* Pods-MovieFlix.release.xcconfig */,
				AF339661FF1C63216DEABBD6 /* Pods-MovieFlixTests.debug.xcconfig */,
				531BBCE2631AE21A85125D19 /* Pods-MovieFlixTests.release.xcconfig */,
			);
			path = Pods;
			sourceTree = "<group>";
		};
		A88516AA100A39458DE75359 /* Frameworks */ = {
			isa = PBXGroup;
			children = (
				063B27E3100CC7C42C721B86 /* Pods_MovieFlix.framework */,
				404C78C02ED4E059140C7076 /* Pods_MovieFlixTests.framework */,
			);
			name = Frameworks;
			sourceTree = "<group>";
		};
/* End PBXGroup section */

/* Begin PBXNativeTarget section */
		58FABDF52470E7260009973D /* MovieFlix */ = {
			isa = PBXNativeTarget;
			buildConfigurationList = 58FABE152470E7280009973D /* Build configuration list for PBXNativeTarget "MovieFlix" */;
			buildPhases = (
				33518BD24119BF75D37AF1B4 /* [CP] Check Pods Manifest.lock */,
				58FABDF22470E7260009973D /* Sources */,
				58FABDF32470E7260009973D /* Frameworks */,
				58FABDF42470E7260009973D /* Resources */,
				3C59DCFE3D1E27FB54DBAB1E /* [CP] Embed Pods Frameworks */,
			);
			buildRules = (
			);
			dependencies = (
			);
			name = MovieFlix;
			productName = MovieFlix;
			productReference = 58FABDF62470E7260009973D /* MovieFlix.app */;
			productType = "com.apple.product-type.application";
		};
		58FABE0B2470E7280009973D /* MovieFlixTests */ = {
			isa = PBXNativeTarget;
			buildConfigurationList = 58FABE182470E7280009973D /* Build configuration list for PBXNativeTarget "MovieFlixTests" */;
			buildPhases = (
				8C284D12225F7611CB7E22D0 /* [CP] Check Pods Manifest.lock */,
				58FABE082470E7280009973D /* Sources */,
				58FABE092470E7280009973D /* Frameworks */,
				58FABE0A2470E7280009973D /* Resources */,
			);
			buildRules = (
			);
			dependencies = (
				58FABE0E2470E7280009973D /* PBXTargetDependency */,
			);
			name = MovieFlixTests;
			productName = MovieFlixTests;
			productReference = 58FABE0C2470E7280009973D /* MovieFlixTests.xctest */;
			productType = "com.apple.product-type.bundle.unit-test";
		};
/* End PBXNativeTarget section */

/* Begin PBXProject section */
		58FABDEE2470E7260009973D /* Project object */ = {
			isa = PBXProject;
			attributes = {
				LastSwiftUpdateCheck = 1130;
				LastUpgradeCheck = 1130;
				ORGANIZATIONNAME = "Vijay Masal";
				TargetAttributes = {
					58FABDF52470E7260009973D = {
						CreatedOnToolsVersion = 11.3.1;
					};
					58FABE0B2470E7280009973D = {
						CreatedOnToolsVersion = 11.3.1;
						TestTargetID = 58FABDF52470E7260009973D;
					};
				};
			};
			buildConfigurationList = 58FABDF12470E7260009973D /* Build configuration list for PBXProject "MovieFlix" */;
			compatibilityVersion = "Xcode 9.3";
			developmentRegion = en;
			hasScannedForEncodings = 0;
			knownRegions = (
				en,
				Base,
			);
			mainGroup = 58FABDED2470E7250009973D;
			productRefGroup = 58FABDF72470E7260009973D /* Products */;
			projectDirPath = "";
			projectRoot = "";
			targets = (
				58FABDF52470E7260009973D /* MovieFlix */,
				58FABE0B2470E7280009973D /* MovieFlixTests */,
			);
		};
/* End PBXProject section */

/* Begin PBXResourcesBuildPhase section */
		58FABDF42470E7260009973D /* Resources */ = {
			isa = PBXResourcesBuildPhase;
			buildActionMask = 2147483647;
			files = (
				58FABE062470E7280009973D /* LaunchScreen.storyboard in Resources */,
				58FABE032470E7280009973D /* Assets.xcassets in Resources */,
				58FABE012470E7260009973D /* Main.storyboard in Resources */,
			);
			runOnlyForDeploymentPostprocessing = 0;
		};
		58FABE0A2470E7280009973D /* Resources */ = {
			isa = PBXResourcesBuildPhase;
			buildActionMask = 2147483647;
			files = (
			);
			runOnlyForDeploymentPostprocessing = 0;
		};
/* End PBXResourcesBuildPhase section */

/* Begin PBXShellScriptBuildPhase section */
		33518BD24119BF75D37AF1B4 /* [CP] Check Pods Manifest.lock */ = {
			isa = PBXShellScriptBuildPhase;
			buildActionMask = 2147483647;
			files = (
			);
			inputFileListPaths = (
			);
			inputPaths = (
				"${PODS_PODFILE_DIR_PATH}/Podfile.lock",
				"${PODS_ROOT}/Manifest.lock",
			);
			name = "[CP] Check Pods Manifest.lock";
			outputFileListPaths = (
			);
			outputPaths = (
				"$(DERIVED_FILE_DIR)/Pods-MovieFlix-checkManifestLockResult.txt",
			);
			runOnlyForDeploymentPostprocessing = 0;
			shellPath = /bin/sh;
			shellScript = "diff \"${PODS_PODFILE_DIR_PATH}/Podfile.lock\" \"${PODS_ROOT}/Manifest.lock\" > /dev/null\nif [ $? != 0 ] ; then\n    # print error to STDERR\n    echo \"error: The sandbox is not in sync with the Podfile.lock. Run 'pod install' or update your CocoaPods installation.\" >&2\n    exit 1\nfi\n# This output is used by Xcode 'outputs' to avoid re-running this script phase.\necho \"SUCCESS\" > \"${SCRIPT_OUTPUT_FILE_0}\"\n";
			showEnvVarsInLog = 0;
		};
		3C59DCFE3D1E27FB54DBAB1E /* [CP] Embed Pods Frameworks */ = {
			isa = PBXShellScriptBuildPhase;
			buildActionMask = 2147483647;
			files = (
			);
			inputFileListPaths = (
				"${PODS_ROOT}/Target Support Files/Pods-MovieFlix/Pods-MovieFlix-frameworks-${CONFIGURATION}-input-files.xcfilelist",
			);
			name = "[CP] Embed Pods Frameworks";
			outputFileListPaths = (
				"${PODS_ROOT}/Target Support Files/Pods-MovieFlix/Pods-MovieFlix-frameworks-${CONFIGURATION}-output-files.xcfilelist",
			);
			runOnlyForDeploymentPostprocessing = 0;
			shellPath = /bin/sh;
			shellScript = "\"${PODS_ROOT}/Target Support Files/Pods-MovieFlix/Pods-MovieFlix-frameworks.sh\"\n";
			showEnvVarsInLog = 0;
		};
		8C284D12225F7611CB7E22D0 /* [CP] Check Pods Manifest.lock */ = {
			isa = PBXShellScriptBuildPhase;
			buildActionMask = 2147483647;
			files = (
			);
			inputFileListPaths = (
			);
			inputPaths = (
				"${PODS_PODFILE_DIR_PATH}/Podfile.lock",
				"${PODS_ROOT}/Manifest.lock",
			);
			name = "[CP] Check Pods Manifest.lock";
			outputFileListPaths = (
			);
			outputPaths = (
				"$(DERIVED_FILE_DIR)/Pods-MovieFlixTests-checkManifestLockResult.txt",
			);
			runOnlyForDeploymentPostprocessing = 0;
			shellPath = /bin/sh;
			shellScript = "diff \"${PODS_PODFILE_DIR_PATH}/Podfile.lock\" \"${PODS_ROOT}/Manifest.lock\" > /dev/null\nif [ $? != 0 ] ; then\n    # print error to STDERR\n    echo \"error: The sandbox is not in sync with the Podfile.lock. Run 'pod install' or update your CocoaPods installation.\" >&2\n    exit 1\nfi\n# This output is used by Xcode 'outputs' to avoid re-running this script phase.\necho \"SUCCESS\" > \"${SCRIPT_OUTPUT_FILE_0}\"\n";
			showEnvVarsInLog = 0;
		};
/* End PBXShellScriptBuildPhase section */

/* Begin PBXSourcesBuildPhase section */
		58FABDF22470E7260009973D /* Sources */ = {
			isa = PBXSourcesBuildPhase;
			buildActionMask = 2147483647;
			files = (
				58FABE2A2470EF490009973D /* MovieModel.swift in Sources */,
				58FABE302470F4750009973D /* MovieViewModel.swift in Sources */,
				58FABE282470EEF00009973D /* Result.swift in Sources */,
				58FABE262470EE5D0009973D /* Bindable.swift in Sources */,
				58FABDFA2470E7260009973D /* AppDelegate.swift in Sources */,
				58FABE2E2470F3490009973D /* MovieCellViewModel.swift in Sources */,
				58FABE242470EAAB0009973D /* TopRatedViewController.swift in Sources */,
				58FABE222470EA790009973D /* NowPlayingViewController.swift in Sources */,
				58FABDFC2470E7260009973D /* SceneDelegate.swift in Sources */,
				58FABE2C2470F1A20009973D /* AppServerClient.swift in Sources */,
			);
			runOnlyForDeploymentPostprocessing = 0;
		};
		58FABE082470E7280009973D /* Sources */ = {
			isa = PBXSourcesBuildPhase;
			buildActionMask = 2147483647;
			files = (
				58FABE112470E7280009973D /* MovieFlixTests.swift in Sources */,
			);
			runOnlyForDeploymentPostprocessing = 0;
		};
/* End PBXSourcesBuildPhase section */

/* Begin PBXTargetDependency section */
		58FABE0E2470E7280009973D /* PBXTargetDependency */ = {
			isa = PBXTargetDependency;
			target = 58FABDF52470E7260009973D /* MovieFlix */;
			targetProxy = 58FABE0D2470E7280009973D /* PBXContainerItemProxy */;
		};
/* End PBXTargetDependency section */

/* Begin PBXVariantGroup section */
		58FABDFF2470E7260009973D /* Main.storyboard */ = {
			isa = PBXVariantGroup;
			children = (
				58FABE002470E7260009973D /* Base */,
			);
			name = Main.storyboard;
			sourceTree = "<group>";
		};
		58FABE042470E7280009973D /* LaunchScreen.storyboard */ = {
			isa = PBXVariantGroup;
			children = (
				58FABE052470E7280009973D /* Base */,
			);
			name = LaunchScreen.storyboard;
			sourceTree = "<group>";
		};
/* End PBXVariantGroup section */

/* Begin XCBuildConfiguration section */
		58FABE132470E7280009973D /* Debug */ = {
			isa = XCBuildConfiguration;
			buildSettings = {
				ALWAYS_SEARCH_USER_PATHS = NO;
				CLANG_ANALYZER_NONNULL = YES;
				CLANG_ANALYZER_NUMBER_OBJECT_CONVERSION = YES_AGGRESSIVE;
				CLANG_CXX_LANGUAGE_STANDARD = "gnu++14";
				CLANG_CXX_LIBRARY = "libc++";
				CLANG_ENABLE_MODULES = YES;
				CLANG_ENABLE_OBJC_ARC = YES;
				CLANG_ENABLE_OBJC_WEAK = YES;
				CLANG_WARN_BLOCK_CAPTURE_AUTORELEASING = YES;
				CLANG_WARN_BOOL_CONVERSION = YES;
				CLANG_WARN_COMMA = YES;
				CLANG_WARN_CONSTANT_CONVERSION = YES;
				CLANG_WARN_DEPRECATED_OBJC_IMPLEMENTATIONS = YES;
				CLANG_WARN_DIRECT_OBJC_ISA_USAGE = YES_ERROR;
				CLANG_WARN_DOCUMENTATION_COMMENTS = YES;
				CLANG_WARN_EMPTY_BODY = YES;
				CLANG_WARN_ENUM_CONVERSION = YES;
				CLANG_WARN_INFINITE_RECURSION = YES;
				CLANG_WARN_INT_CONVERSION = YES;
				CLANG_WARN_NON_LITERAL_NULL_CONVERSION = YES;
				CLANG_WARN_OBJC_IMPLICIT_RETAIN_SELF = YES;
				CLANG_WARN_OBJC_LITERAL_CONVERSION = YES;
				CLANG_WARN_OBJC_ROOT_CLASS = YES_ERROR;
				CLANG_WARN_RANGE_LOOP_ANALYSIS = YES;
				CLANG_WARN_STRICT_PROTOTYPES = YES;
				CLANG_WARN_SUSPICIOUS_MOVE = YES;
				CLANG_WARN_UNGUARDED_AVAILABILITY = YES_AGGRESSIVE;
				CLANG_WARN_UNREACHABLE_CODE = YES;
				CLANG_WARN__DUPLICATE_METHOD_MATCH = YES;
				COPY_PHASE_STRIP = NO;
				DEBUG_INFORMATION_FORMAT = dwarf;
				ENABLE_STRICT_OBJC_MSGSEND = YES;
				ENABLE_TESTABILITY = YES;
				GCC_C_LANGUAGE_STANDARD = gnu11;
				GCC_DYNAMIC_NO_PIC = NO;
				GCC_NO_COMMON_BLOCKS = YES;
				GCC_OPTIMIZATION_LEVEL = 0;
				GCC_PREPROCESSOR_DEFINITIONS = (
					"DEBUG=1",
					"$(inherited)",
				);
				GCC_WARN_64_TO_32_BIT_CONVERSION = YES;
				GCC_WARN_ABOUT_RETURN_TYPE = YES_ERROR;
				GCC_WARN_UNDECLARED_SELECTOR = YES;
				GCC_WARN_UNINITIALIZED_AUTOS = YES_AGGRESSIVE;
				GCC_WARN_UNUSED_FUNCTION = YES;
				GCC_WARN_UNUSED_VARIABLE = YES;
				IPHONEOS_DEPLOYMENT_TARGET = 13.2;
				MTL_ENABLE_DEBUG_INFO = INCLUDE_SOURCE;
				MTL_FAST_MATH = YES;
				ONLY_ACTIVE_ARCH = YES;
				SDKROOT = iphoneos;
				SWIFT_ACTIVE_COMPILATION_CONDITIONS = DEBUG;
				SWIFT_OPTIMIZATION_LEVEL = "-Onone";
			};
			name = Debug;
		};
		58FABE142470E7280009973D /* Release */ = {
			isa = XCBuildConfiguration;
			buildSettings = {
				ALWAYS_SEARCH_USER_PATHS = NO;
				CLANG_ANALYZER_NONNULL = YES;
				CLANG_ANALYZER_NUMBER_OBJECT_CONVERSION = YES_AGGRESSIVE;
				CLANG_CXX_LANGUAGE_STANDARD = "gnu++14";
				CLANG_CXX_LIBRARY = "libc++";
				CLANG_ENABLE_MODULES = YES;
				CLANG_ENABLE_OBJC_ARC = YES;
				CLANG_ENABLE_OBJC_WEAK = YES;
				CLANG_WARN_BLOCK_CAPTURE_AUTORELEASING = YES;
				CLANG_WARN_BOOL_CONVERSION = YES;
				CLANG_WARN_COMMA = YES;
				CLANG_WARN_CONSTANT_CONVERSION = YES;
				CLANG_WARN_DEPRECATED_OBJC_IMPLEMENTATIONS = YES;
				CLANG_WARN_DIRECT_OBJC_ISA_USAGE = YES_ERROR;
				CLANG_WARN_DOCUMENTATION_COMMENTS = YES;
				CLANG_WARN_EMPTY_BODY = YES;
				CLANG_WARN_ENUM_CONVERSION = YES;
				CLANG_WARN_INFINITE_RECURSION = YES;
				CLANG_WARN_INT_CONVERSION = YES;
				CLANG_WARN_NON_LITERAL_NULL_CONVERSION = YES;
				CLANG_WARN_OBJC_IMPLICIT_RETAIN_SELF = YES;
				CLANG_WARN_OBJC_LITERAL_CONVERSION = YES;
				CLANG_WARN_OBJC_ROOT_CLASS = YES_ERROR;
				CLANG_WARN_RANGE_LOOP_ANALYSIS = YES;
				CLANG_WARN_STRICT_PROTOTYPES = YES;
				CLANG_WARN_SUSPICIOUS_MOVE = YES;
				CLANG_WARN_UNGUARDED_AVAILABILITY = YES_AGGRESSIVE;
				CLANG_WARN_UNREACHABLE_CODE = YES;
				CLANG_WARN__DUPLICATE_METHOD_MATCH = YES;
				COPY_PHASE_STRIP = NO;
				DEBUG_INFORMATION_FORMAT = "dwarf-with-dsym";
				ENABLE_NS_ASSERTIONS = NO;
				ENABLE_STRICT_OBJC_MSGSEND = YES;
				GCC_C_LANGUAGE_STANDARD = gnu11;
				GCC_NO_COMMON_BLOCKS = YES;
				GCC_WARN_64_TO_32_BIT_CONVERSION = YES;
				GCC_WARN_ABOUT_RETURN_TYPE = YES_ERROR;
				GCC_WARN_UNDECLARED_SELECTOR = YES;
				GCC_WARN_UNINITIALIZED_AUTOS = YES_AGGRESSIVE;
				GCC_WARN_UNUSED_FUNCTION = YES;
				GCC_WARN_UNUSED_VARIABLE = YES;
				IPHONEOS_DEPLOYMENT_TARGET = 13.2;
				MTL_ENABLE_DEBUG_INFO = NO;
				MTL_FAST_MATH = YES;
				SDKROOT = iphoneos;
				SWIFT_COMPILATION_MODE = wholemodule;
				SWIFT_OPTIMIZATION_LEVEL = "-O";
				VALIDATE_PRODUCT = YES;
			};
			name = Release;
		};
		58FABE162470E7280009973D /* Debug */ = {
			isa = XCBuildConfiguration;
			baseConfigurationReference = 8190FD27C4F404E0C6212E2E /* Pods-MovieFlix.debug.xcconfig */;
			buildSettings = {
				ASSETCATALOG_COMPILER_APPICON_NAME = AppIcon;
				CODE_SIGN_STYLE = Automatic;
				INFOPLIST_FILE = MovieFlix/Info.plist;
				IPHONEOS_DEPLOYMENT_TARGET = 13.0;
				LD_RUNPATH_SEARCH_PATHS = (
					"$(inherited)",
					"@executable_path/Frameworks",
				);
				PRODUCT_BUNDLE_IDENTIFIER = vijay.MovieFlix;
				PRODUCT_NAME = "$(TARGET_NAME)";
				SWIFT_VERSION = 5.0;
				TARGETED_DEVICE_FAMILY = "1,2";
			};
			name = Debug;
		};
		58FABE172470E7280009973D /* Release */ = {
			isa = XCBuildConfiguration;
			baseConfigurationReference = 5569D447FD0BC10971639001 /* Pods-MovieFlix.release.xcconfig */;
			buildSettings = {
				ASSETCATALOG_COMPILER_APPICON_NAME = AppIcon;
				CODE_SIGN_STYLE = Automatic;
				INFOPLIST_FILE = MovieFlix/Info.plist;
				IPHONEOS_DEPLOYMENT_TARGET = 13.0;
				LD_RUNPATH_SEARCH_PATHS = (
					"$(inherited)",
					"@executable_path/Frameworks",
				);
				PRODUCT_BUNDLE_IDENTIFIER = vijay.MovieFlix;
				PRODUCT_NAME = "$(TARGET_NAME)";
				SWIFT_VERSION = 5.0;
				TARGETED_DEVICE_FAMILY = "1,2";
			};
			name = Release;
		};
		58FABE192470E7280009973D /* Debug */ = {
			isa = XCBuildConfiguration;
			baseConfigurationReference = AF339661FF1C63216DEABBD6 /* Pods-MovieFlixTests.debug.xcconfig */;
			buildSettings = {
				ALWAYS_EMBED_SWIFT_STANDARD_LIBRARIES = YES;
				BUNDLE_LOADER = "$(TEST_HOST)";
				CODE_SIGN_STYLE = Automatic;
				INFOPLIST_FILE = MovieFlixTests/Info.plist;
				IPHONEOS_DEPLOYMENT_TARGET = 13.2;
				LD_RUNPATH_SEARCH_PATHS = (
					"$(inherited)",
					"@executable_path/Frameworks",
					"@loader_path/Frameworks",
				);
				PRODUCT_BUNDLE_IDENTIFIER = vijay.MovieFlixTests;
				PRODUCT_NAME = "$(TARGET_NAME)";
				SWIFT_VERSION = 5.0;
				TARGETED_DEVICE_FAMILY = "1,2";
				TEST_HOST = "$(BUILT_PRODUCTS_DIR)/MovieFlix.app/MovieFlix";
			};
			name = Debug;
		};
		58FABE1A2470E7280009973D /* Release */ = {
			isa = XCBuildConfiguration;
			baseConfigurationReference = 531BBCE2631AE21A85125D19 /* Pods-MovieFlixTests.release.xcconfig */;
			buildSettings = {
				ALWAYS_EMBED_SWIFT_STANDARD_LIBRARIES = YES;
				BUNDLE_LOADER = "$(TEST_HOST)";
				CODE_SIGN_STYLE = Automatic;
				INFOPLIST_FILE = MovieFlixTests/Info.plist;
				IPHONEOS_DEPLOYMENT_TARGET = 13.2;
				LD_RUNPATH_SEARCH_PATHS = (
					"$(inherited)",
					"@executable_path/Frameworks",
					"@loader_path/Frameworks",
				);
				PRODUCT_BUNDLE_IDENTIFIER = vijay.MovieFlixTests;
				PRODUCT_NAME = "$(TARGET_NAME)";
				SWIFT_VERSION = 5.0;
				TARGETED_DEVICE_FAMILY = "1,2";
				TEST_HOST = "$(BUILT_PRODUCTS_DIR)/MovieFlix.app/MovieFlix";
			};
			name = Release;
		};
/* End XCBuildConfiguration section */

/* Begin XCConfigurationList section */
		58FABDF12470E7260009973D /* Build configuration list for PBXProject "MovieFlix" */ = {
			isa = XCConfigurationList;
			buildConfigurations = (
				58FABE132470E7280009973D /* Debug */,
				58FABE142470E7280009973D /* Release */,
			);
			defaultConfigurationIsVisible = 0;
			defaultConfigurationName = Release;
		};
		58FABE152470E7280009973D /* Build configuration list for PBXNativeTarget "MovieFlix" */ = {
			isa = XCConfigurationList;
			buildConfigurations = (
				58FABE162470E7280009973D /* Debug */,
				58FABE172470E7280009973D /* Release */,
			);
			defaultConfigurationIsVisible = 0;
			defaultConfigurationName = Release;
		};
		58FABE182470E7280009973D /* Build configuration list for PBXNativeTarget "MovieFlixTests" */ = {
			isa = XCConfigurationList;
			buildConfigurations = (
				58FABE192470E7280009973D /* Debug */,
				58FABE1A2470E7280009973D /* Release */,
			);
			defaultConfigurationIsVisible = 0;
			defaultConfigurationName = Release;
		};
/* End XCConfigurationList section */
	};
	rootObject = 58FABDEE2470E7260009973D /* Project object */;
}
